
Microsoft Visual Studio Solution File, Format Version 12.00
# Visual Studio Version 16
VisualStudioVersion = 16.0.809.7
MinimumVisualStudioVersion = 10.0.40219.1
Project("{FAE04EC0-301F-11D3-BF4B-00C04F79EFBC}") = "ContactsProj.Android", "ContactsProj.Android\ContactsProj.Android.csproj", "{82974567-2ED8-4EE4-8C2A-431D2E6E85A6}"
EndProject
Project("{FAE04EC0-301F-11D3-BF4B-00C04F79EFBC}") = "ContactsProj.iOS", "ContactsProj.iOS\ContactsProj.iOS.csproj", "{F1E8252A-CD47-46AF-9B25-BB3E12FC3CDE}"
EndProject
Project("{FAE04EC0-301F-11D3-BF4B-00C04F79EFBC}") = "ContactsProj", "ContactsProj\ContactsProj.csproj", "{1B869EC1-9BA5-40C9-A7CC-B867C0E0476A}"
EndProject
Global
	GlobalSection(SolutionConfigurationPlatforms) = preSolution
		Debug|Any CPU = Debug|Any CPU
		Release|Any CPU = Release|Any CPU
		Debug|iPhoneSimulator = Debug|iPhoneSimulator
		Release|iPhoneSimulator = Release|iPhoneSimulator
		Debug|iPhone = Debug|iPhone
		Release|iPhone = Release|iPhone
	EndGlobalSection
	GlobalSection(ProjectConfigurationPlatforms) = postSolution
		{82974567-2ED8-4EE4-8C2A-431D2E6E85A6}.Debug|Any CPU.ActiveCfg = Debug|Any CPU
		{82974567-2ED8-4EE4-8C2A-431D2E6E85A6}.Debug|Any CPU.Build.0 = Debug|Any CPU
		{82974567-2ED8-4EE4-8C2A-431D2E6E85A6}.Release|Any CPU.ActiveCfg = Release|Any CPU
		{82974567-2ED8-4EE4-8C2A-431D2E6E85A6}.Release|Any CPU.Build.0 = Release|Any CPU
		{82974567-2ED8-4EE4-8C2A-431D2E6E85A6}.Debug|iPhoneSimulator.ActiveCfg = Debug|Any CPU
		{82974567-2ED8-4EE4-8C2A-431D2E6E85A6}.Debug|iPhoneSimulator.Build.0 = Debug|Any CPU
		{82974567-2ED8-4EE4-8C2A-431D2E6E85A6}.Release|iPhoneSimulator.ActiveCfg = Release|Any CPU
		{82974567-2ED8-4EE4-8C2A-431D2E6E85A6}.Release|iPhoneSimulator.Build.0 = Release|Any CPU
		{82974567-2ED8-4EE4-8C2A-431D2E6E85A6}.Debug|iPhone.ActiveCfg = Debug|Any CPU
		{82974567-2ED8-4EE4-8C2A-431D2E6E85A6}.Debug|iPhone.Build.0 = Debug|Any CPU
		{82974567-2ED8-4EE4-8C2A-431D2E6E85A6}.Release|iPhone.ActiveCfg = Release|Any CPU
		{82974567-2ED8-4EE4-8C2A-431D2E6E85A6}.Release|iPhone.Build.0 = Release|Any CPU
		{F1E8252A-CD47-46AF-9B25-BB3E12FC3CDE}.Debug|Any CPU.ActiveCfg = Debug|iPhoneSimulator
		{F1E8252A-CD47-46AF-9B25-BB3E12FC3CDE}.Debug|Any CPU.Build.0 = Debug|iPhoneSimulator
		{F1E8252A-CD47-46AF-9B25-BB3E12FC3CDE}.Release|Any CPU.ActiveCfg = Release|iPhoneSimulator
		{F1E8252A-CD47-46AF-9B25-BB3E12FC3CDE}.Release|Any CPU.Build.0 = Release|iPhoneSimulator
		{F1E8252A-CD47-46AF-9B25-BB3E12FC3CDE}.Debug|iPhoneSimulator.ActiveCfg = Debug|iPhoneSimulator
		{F1E8252A-CD47-46AF-9B25-BB3E12FC3CDE}.Debug|iPhoneSimulator.Build.0 = Debug|iPhoneSimulator
		{F1E8252A-CD47-46AF-9B25-BB3E12FC3CDE}.Release|iPhoneSimulator.ActiveCfg = Release|iPhoneSimulator
		{F1E8252A-CD47-46AF-9B25-BB3E12FC3CDE}.Release|iPhoneSimulator.Build.0 = Release|iPhoneSimulator
		{F1E8252A-CD47-46AF-9B25-BB3E12FC3CDE}.Debug|iPhone.ActiveCfg = Debug|iPhone
		{F1E8252A-CD47-46AF-9B25-BB3E12FC3CDE}.Debug|iPhone.Build.0 = Debug|iPhone
		{F1E8252A-CD47-46AF-9B25-BB3E12FC3CDE}.Release|iPhone.ActiveCfg = Release|iPhone
		{F1E8252A-CD47-46AF-9B25-BB3E12FC3CDE}.Release|iPhone.Build.0 = Release|iPhone
		{1B869EC1-9BA5-40C9-A7CC-B867C0E0476A}.Debug|Any CPU.ActiveCfg = Debug|Any CPU
		{1B869EC1-9BA5-40C9-A7CC-B867C0E0476A}.Debug|Any CPU.Build.0 = Debug|Any CPU
		{1B869EC1-9BA5-40C9-A7CC-B867C0E0476A}.Release|Any CPU.ActiveCfg = Release|Any CPU
		{1B869EC1-9BA5-40C9-A7CC-B867C0E0476A}.Release|Any CPU.Build.0 = Release|Any CPU
		{1B869EC1-9BA5-40C9-A7CC-B867C0E0476A}.Debug|iPhoneSimulator.ActiveCfg = Debug|Any CPU
		{1B869EC1-9BA5-40C9-A7CC-B867C0E0476A}.Debug|iPhoneSimulator.Build.0 = Debug|Any CPU
		{1B869EC1-9BA5-40C9-A7CC-B867C0E0476A}.Release|iPhoneSimulator.ActiveCfg = Release|Any CPU
		{1B869EC1-9BA5-40C9-A7CC-B867C0E0476A}.Release|iPhoneSimulator.Build.0 = Release|Any CPU
		{1B869EC1-9BA5-40C9-A7CC-B867C0E0476A}.Debug|iPhone.ActiveCfg = Debug|Any CPU
		{1B869EC1-9BA5-40C9-A7CC-B867C0E0476A}.Debug|iPhone.Build.0 = Debug|Any CPU
		{1B869EC1-9BA5-40C9-A7CC-B867C0E0476A}.Release|iPhone.ActiveCfg = Release|Any CPU
		{1B869EC1-9BA5-40C9-A7CC-B867C0E0476A}.Release|iPhone.Build.0 = Release|Any CPU
	EndGlobalSection
	GlobalSection(SolutionProperties) = preSolution
		HideSolutionNode = FALSE
	EndGlobalSection
	GlobalSection(ExtensibilityGlobals) = postSolution
		SolutionGuid = {36C1D0E2-37C2-4F6F-9917-170AD11977B8}
	EndGlobalSection
EndGlobal
